
Microsoft Visual Studio Solution File, Format Version 12.00
# Visual Studio Version 17
VisualStudioVersion = 17.2.32616.157
MinimumVisualStudioVersion = 10.0.40219.1
Project("{9A19103F-16F7-4668-BE54-9A1E7A4F7556}") = "LinqPractices", "LinqPractices.csproj", "{F7F133F4-43F1-4895-9344-584115C0BA69}"
EndProject
Global
	GlobalSection(SolutionConfigurationPlatforms) = preSolution
		Debug|Any CPU = Debug|Any CPU
		Release|Any CPU = Release|Any CPU
	EndGlobalSection
	GlobalSection(ProjectConfigurationPlatforms) = postSolution
		{F7F133F4-43F1-4895-9344-584115C0BA69}.Debug|Any CPU.ActiveCfg = Debug|Any CPU
		{F7F133F4-43F1-4895-9344-584115C0BA69}.Debug|Any CPU.Build.0 = Debug|Any CPU
		{F7F133F4-43F1-4895-9344-584115C0BA69}.Release|Any CPU.ActiveCfg = Release|Any CPU
		{F7F133F4-43F1-4895-9344-584115C0BA69}.Release|Any CPU.Build.0 = Release|Any CPU
	EndGlobalSection
	GlobalSection(SolutionProperties) = preSolution
		HideSolutionNode = FALSE
	EndGlobalSection
	GlobalSection(ExtensibilityGlobals) = postSolution
		SolutionGuid = {C9C61E55-2B1B-44D9-A59D-2AA5705E2144}
	EndGlobalSection
EndGlobal
