
Microsoft Visual Studio Solution File, Format Version 12.00
# Visual Studio Version 17
VisualStudioVersion = 17.2.32616.157
MinimumVisualStudioVersion = 10.0.40219.1
Project("{FAE04EC0-301F-11D3-BF4B-00C04F79EFBC}") = "InheritanceConcept", "InheritanceConcept.csproj", "{FBD73806-12AC-498D-9FA3-703B98A0F3CB}"
EndProject
Global
	GlobalSection(SolutionConfigurationPlatforms) = preSolution
		Debug|Any CPU = Debug|Any CPU
		Release|Any CPU = Release|Any CPU
	EndGlobalSection
	GlobalSection(ProjectConfigurationPlatforms) = postSolution
		{FBD73806-12AC-498D-9FA3-703B98A0F3CB}.Debug|Any CPU.ActiveCfg = Debug|Any CPU
		{FBD73806-12AC-498D-9FA3-703B98A0F3CB}.Debug|Any CPU.Build.0 = Debug|Any CPU
		{FBD73806-12AC-498D-9FA3-703B98A0F3CB}.Release|Any CPU.ActiveCfg = Release|Any CPU
		{FBD73806-12AC-498D-9FA3-703B98A0F3CB}.Release|Any CPU.Build.0 = Release|Any CPU
	EndGlobalSection
	GlobalSection(SolutionProperties) = preSolution
		HideSolutionNode = FALSE
	EndGlobalSection
	GlobalSection(ExtensibilityGlobals) = postSolution
		SolutionGuid = {E77DA68F-EA0D-41D8-A4D5-F33D103312B3}
	EndGlobalSection
EndGlobal
