
Microsoft Visual Studio Solution File, Format Version 12.00
# Visual Studio Version 17
VisualStudioVersion = 17.2.32616.157
MinimumVisualStudioVersion = 10.0.40219.1
Project("{FAE04EC0-301F-11D3-BF4B-00C04F79EFBC}") = "ToDoProject", "ToDoProject.csproj", "{1024A12B-F086-4B62-9702-9B20987BAB34}"
EndProject
Global
	GlobalSection(SolutionConfigurationPlatforms) = preSolution
		Debug|Any CPU = Debug|Any CPU
		Release|Any CPU = Release|Any CPU
	EndGlobalSection
	GlobalSection(ProjectConfigurationPlatforms) = postSolution
		{1024A12B-F086-4B62-9702-9B20987BAB34}.Debug|Any CPU.ActiveCfg = Debug|Any CPU
		{1024A12B-F086-4B62-9702-9B20987BAB34}.Debug|Any CPU.Build.0 = Debug|Any CPU
		{1024A12B-F086-4B62-9702-9B20987BAB34}.Release|Any CPU.ActiveCfg = Release|Any CPU
		{1024A12B-F086-4B62-9702-9B20987BAB34}.Release|Any CPU.Build.0 = Release|Any CPU
	EndGlobalSection
	GlobalSection(SolutionProperties) = preSolution
		HideSolutionNode = FALSE
	EndGlobalSection
	GlobalSection(ExtensibilityGlobals) = postSolution
		SolutionGuid = {738F22A8-09C4-4B2D-AC36-7D9D178D4C1D}
	EndGlobalSection
EndGlobal
