
Microsoft Visual Studio Solution File, Format Version 12.00
# Visual Studio Version 17
VisualStudioVersion = 17.2.32616.157
MinimumVisualStudioVersion = 10.0.40219.1
Project("{FAE04EC0-301F-11D3-BF4B-00C04F79EFBC}") = "InterfaceConcept", "InterfaceConcept.csproj", "{ECDD73B5-8B6F-4EC2-9243-11EEE2475373}"
EndProject
Global
	GlobalSection(SolutionConfigurationPlatforms) = preSolution
		Debug|Any CPU = Debug|Any CPU
		Release|Any CPU = Release|Any CPU
	EndGlobalSection
	GlobalSection(ProjectConfigurationPlatforms) = postSolution
		{ECDD73B5-8B6F-4EC2-9243-11EEE2475373}.Debug|Any CPU.ActiveCfg = Debug|Any CPU
		{ECDD73B5-8B6F-4EC2-9243-11EEE2475373}.Debug|Any CPU.Build.0 = Debug|Any CPU
		{ECDD73B5-8B6F-4EC2-9243-11EEE2475373}.Release|Any CPU.ActiveCfg = Release|Any CPU
		{ECDD73B5-8B6F-4EC2-9243-11EEE2475373}.Release|Any CPU.Build.0 = Release|Any CPU
	EndGlobalSection
	GlobalSection(SolutionProperties) = preSolution
		HideSolutionNode = FALSE
	EndGlobalSection
	GlobalSection(ExtensibilityGlobals) = postSolution
		SolutionGuid = {C7A7E59C-3286-479D-8EBF-AEF3BA272373}
	EndGlobalSection
EndGlobal
