
Microsoft Visual Studio Solution File, Format Version 12.00
# Visual Studio Version 17
VisualStudioVersion = 17.2.32616.157
MinimumVisualStudioVersion = 10.0.40219.1
Project("{FAE04EC0-301F-11D3-BF4B-00C04F79EFBC}") = "Collection3", "Collection3\Collection3.csproj", "{4C277134-CE2C-4947-8BDA-D9A62C790FA0}"
EndProject
Global
	GlobalSection(SolutionConfigurationPlatforms) = preSolution
		Debug|Any CPU = Debug|Any CPU
		Release|Any CPU = Release|Any CPU
	EndGlobalSection
	GlobalSection(ProjectConfigurationPlatforms) = postSolution
		{4C277134-CE2C-4947-8BDA-D9A62C790FA0}.Debug|Any CPU.ActiveCfg = Debug|Any CPU
		{4C277134-CE2C-4947-8BDA-D9A62C790FA0}.Debug|Any CPU.Build.0 = Debug|Any CPU
		{4C277134-CE2C-4947-8BDA-D9A62C790FA0}.Release|Any CPU.ActiveCfg = Release|Any CPU
		{4C277134-CE2C-4947-8BDA-D9A62C790FA0}.Release|Any CPU.Build.0 = Release|Any CPU
	EndGlobalSection
	GlobalSection(SolutionProperties) = preSolution
		HideSolutionNode = FALSE
	EndGlobalSection
	GlobalSection(ExtensibilityGlobals) = postSolution
		SolutionGuid = {51B4B544-99DE-48B4-97F5-6A1A8FB1502D}
	EndGlobalSection
EndGlobal
