
Microsoft Visual Studio Solution File, Format Version 12.00
# Visual Studio Version 17
VisualStudioVersion = 17.2.32616.157
MinimumVisualStudioVersion = 10.0.40219.1
Project("{9A19103F-16F7-4668-BE54-9A1E7A4F7556}") = "AbstractExample", "AbstractExample.csproj", "{855F6BE3-0A56-4DDA-B0D5-9EC71FFEB44D}"
EndProject
Global
	GlobalSection(SolutionConfigurationPlatforms) = preSolution
		Debug|Any CPU = Debug|Any CPU
		Release|Any CPU = Release|Any CPU
	EndGlobalSection
	GlobalSection(ProjectConfigurationPlatforms) = postSolution
		{855F6BE3-0A56-4DDA-B0D5-9EC71FFEB44D}.Debug|Any CPU.ActiveCfg = Debug|Any CPU
		{855F6BE3-0A56-4DDA-B0D5-9EC71FFEB44D}.Debug|Any CPU.Build.0 = Debug|Any CPU
		{855F6BE3-0A56-4DDA-B0D5-9EC71FFEB44D}.Release|Any CPU.ActiveCfg = Release|Any CPU
		{855F6BE3-0A56-4DDA-B0D5-9EC71FFEB44D}.Release|Any CPU.Build.0 = Release|Any CPU
	EndGlobalSection
	GlobalSection(SolutionProperties) = preSolution
		HideSolutionNode = FALSE
	EndGlobalSection
	GlobalSection(ExtensibilityGlobals) = postSolution
		SolutionGuid = {C18CA813-3E86-4E79-9090-42909EEBE7E2}
	EndGlobalSection
EndGlobal
